
Microsoft Visual Studio Solution File, Format Version 12.00
# Visual Studio Version 16
VisualStudioVersion = 16.0.30503.244
MinimumVisualStudioVersion = 10.0.40219.1
Project("{FAE04EC0-301F-11D3-BF4B-00C04F79EFBC}") = "task 3.1.1", "task 3.1.1\task 3.1.1.csproj", "{56A03E3F-296F-4428-9A26-44D2A6724822}"
EndProject
Global
	GlobalSection(SolutionConfigurationPlatforms) = preSolution
		Debug|Any CPU = Debug|Any CPU
		Release|Any CPU = Release|Any CPU
	EndGlobalSection
	GlobalSection(ProjectConfigurationPlatforms) = postSolution
		{56A03E3F-296F-4428-9A26-44D2A6724822}.Debug|Any CPU.ActiveCfg = Debug|Any CPU
		{56A03E3F-296F-4428-9A26-44D2A6724822}.Debug|Any CPU.Build.0 = Debug|Any CPU
		{56A03E3F-296F-4428-9A26-44D2A6724822}.Release|Any CPU.ActiveCfg = Release|Any CPU
		{56A03E3F-296F-4428-9A26-44D2A6724822}.Release|Any CPU.Build.0 = Release|Any CPU
	EndGlobalSection
	GlobalSection(SolutionProperties) = preSolution
		HideSolutionNode = FALSE
	EndGlobalSection
	GlobalSection(ExtensibilityGlobals) = postSolution
		SolutionGuid = {E42D6909-E9AE-4404-B4A4-7C67E81DCAD6}
	EndGlobalSection
EndGlobal
